
Microsoft Visual Studio Solution File, Format Version 12.00
# Visual Studio 15
VisualStudioVersion = 15.0.27130.2010
MinimumVisualStudioVersion = 10.0.40219.1
Project("{FAE04EC0-301F-11D3-BF4B-00C04F79EFBC}") = "LucyMobile.Core", "src\LucyMobile.Core\LucyMobile.Core.csproj", "{95F46E3F-AED4-4C2A-B450-B4CB13BBE7C5}"
EndProject
Project("{FAE04EC0-301F-11D3-BF4B-00C04F79EFBC}") = "LucyMobile.Droid", "src\LucyMobile.Droid\LucyMobile.Droid.csproj", "{3FBDF06F-D87D-41D6-AAC2-4F29AAA62925}"
EndProject
Project("{FAE04EC0-301F-11D3-BF4B-00C04F79EFBC}") = "LucyMobile.iOS", "src\LucyMobile.iOS\LucyMobile.iOS.csproj", "{68E827A1-6B66-434D-B8B4-1E3E1D0C7A50}"
EndProject
Project("{FAE04EC0-301F-11D3-BF4B-00C04F79EFBC}") = "LucyMobile.Core.Test", "test\LucyMobile.Core.Test\LucyMobile.Core.Test.csproj", "{053314CD-142C-40D4-BB63-8B087418488A}"
EndProject
Project("{FAE04EC0-301F-11D3-BF4B-00C04F79EFBC}") = "LucyMobile.Droid.Test", "test\LucyMobile.Droid.Test\LucyMobile.Droid.Test.csproj", "{47203CB1-890A-43A6-A281-178D965F2756}"
EndProject
Project("{D954291E-2A0B-460D-934E-DC6B0785DB48}") = "LucyMobile.Droid.Shared", "src\LucyMobile.Droid.Shared\LucyMobile.Droid.Shared.shproj", "{B96732EE-E114-44B5-B66A-044269FC6FBD}"
EndProject
Project("{FAE04EC0-301F-11D3-BF4B-00C04F79EFBC}") = "LucyMobile.Droid.UI.Test", "test\LucyMobile.Droid.UI.Test\LucyMobile.Droid.UI.Test.csproj", "{472279B6-87CC-4106-82E9-6A67B0EE71A5}"
EndProject
Project("{FAE04EC0-301F-11D3-BF4B-00C04F79EFBC}") = "LucyMobile.iOS.Test", "test\LucyMobile.iOS.Test\LucyMobile.iOS.Test.csproj", "{53D05AC2-6A97-49ED-B94E-FE9A3A4C5885}"
EndProject
Project("{FAE04EC0-301F-11D3-BF4B-00C04F79EFBC}") = "LucyMobile.iOS.UI.Test", "test\LucyMobile.iOS.UI.Test\LucyMobile.iOS.UI.Test.csproj", "{AFB192F2-6043-4925-A84A-A1939BB3360B}"
EndProject
Project("{2150E333-8FDC-42A3-9474-1A3956D46DE8}") = "Tests", "Tests", "{BFAE9B2A-2DB2-44CE-AE09-D77D908B1C63}"
EndProject
Project("{2150E333-8FDC-42A3-9474-1A3956D46DE8}") = "!Solution Items", "!Solution Items", "{AF5A440F-6FE7-49D4-AD7F-AD2646CABDCE}"
	ProjectSection(SolutionItems) = preProject
		.editorconfig = .editorconfig
	EndProjectSection
EndProject
Global
	GlobalSection(SharedMSBuildProjectFiles) = preSolution
		src\LucyMobile.Droid.Shared\LucyMobile.Droid.Shared.projitems*{3FBDF06F-D87D-41D6-AAC2-4F29AAA62925}*SharedItemsImports = 4
		src\LucyMobile.Droid.Shared\LucyMobile.Droid.Shared.projitems*{47203CB1-890A-43A6-A281-178D965F2756}*SharedItemsImports = 4
		src\LucyMobile.Droid.Shared\LucyMobile.Droid.Shared.projitems*{B96732EE-E114-44B5-B66A-044269FC6FBD}*SharedItemsImports = 13
	EndGlobalSection
	GlobalSection(SolutionConfigurationPlatforms) = preSolution
		Debug|Any CPU = Debug|Any CPU
		Debug|ARM = Debug|ARM
		Debug|iPhone = Debug|iPhone
		Debug|iPhoneSimulator = Debug|iPhoneSimulator
		Debug|x64 = Debug|x64
		Debug|x86 = Debug|x86
		Release|Any CPU = Release|Any CPU
		Release|ARM = Release|ARM
		Release|iPhone = Release|iPhone
		Release|iPhoneSimulator = Release|iPhoneSimulator
		Release|x64 = Release|x64
		Release|x86 = Release|x86
	EndGlobalSection
	GlobalSection(ProjectConfigurationPlatforms) = postSolution
		{95F46E3F-AED4-4C2A-B450-B4CB13BBE7C5}.Debug|Any CPU.ActiveCfg = Debug|Any CPU
		{95F46E3F-AED4-4C2A-B450-B4CB13BBE7C5}.Debug|Any CPU.Build.0 = Debug|Any CPU
		{95F46E3F-AED4-4C2A-B450-B4CB13BBE7C5}.Debug|ARM.ActiveCfg = Debug|Any CPU
		{95F46E3F-AED4-4C2A-B450-B4CB13BBE7C5}.Debug|ARM.Build.0 = Debug|Any CPU
		{95F46E3F-AED4-4C2A-B450-B4CB13BBE7C5}.Debug|iPhone.ActiveCfg = Debug|Any CPU
		{95F46E3F-AED4-4C2A-B450-B4CB13BBE7C5}.Debug|iPhone.Build.0 = Debug|Any CPU
		{95F46E3F-AED4-4C2A-B450-B4CB13BBE7C5}.Debug|iPhoneSimulator.ActiveCfg = Debug|Any CPU
		{95F46E3F-AED4-4C2A-B450-B4CB13BBE7C5}.Debug|iPhoneSimulator.Build.0 = Debug|Any CPU
		{95F46E3F-AED4-4C2A-B450-B4CB13BBE7C5}.Debug|x64.ActiveCfg = Debug|Any CPU
		{95F46E3F-AED4-4C2A-B450-B4CB13BBE7C5}.Debug|x64.Build.0 = Debug|Any CPU
		{95F46E3F-AED4-4C2A-B450-B4CB13BBE7C5}.Debug|x86.ActiveCfg = Debug|Any CPU
		{95F46E3F-AED4-4C2A-B450-B4CB13BBE7C5}.Debug|x86.Build.0 = Debug|Any CPU
		{95F46E3F-AED4-4C2A-B450-B4CB13BBE7C5}.Release|Any CPU.ActiveCfg = Release|Any CPU
		{95F46E3F-AED4-4C2A-B450-B4CB13BBE7C5}.Release|Any CPU.Build.0 = Release|Any CPU
		{95F46E3F-AED4-4C2A-B450-B4CB13BBE7C5}.Release|ARM.ActiveCfg = Release|Any CPU
		{95F46E3F-AED4-4C2A-B450-B4CB13BBE7C5}.Release|ARM.Build.0 = Release|Any CPU
		{95F46E3F-AED4-4C2A-B450-B4CB13BBE7C5}.Release|iPhone.ActiveCfg = Release|Any CPU
		{95F46E3F-AED4-4C2A-B450-B4CB13BBE7C5}.Release|iPhone.Build.0 = Release|Any CPU
		{95F46E3F-AED4-4C2A-B450-B4CB13BBE7C5}.Release|iPhoneSimulator.ActiveCfg = Release|Any CPU
		{95F46E3F-AED4-4C2A-B450-B4CB13BBE7C5}.Release|iPhoneSimulator.Build.0 = Release|Any CPU
		{95F46E3F-AED4-4C2A-B450-B4CB13BBE7C5}.Release|x64.ActiveCfg = Release|Any CPU
		{95F46E3F-AED4-4C2A-B450-B4CB13BBE7C5}.Release|x64.Build.0 = Release|Any CPU
		{95F46E3F-AED4-4C2A-B450-B4CB13BBE7C5}.Release|x86.ActiveCfg = Release|Any CPU
		{95F46E3F-AED4-4C2A-B450-B4CB13BBE7C5}.Release|x86.Build.0 = Release|Any CPU
		{3FBDF06F-D87D-41D6-AAC2-4F29AAA62925}.Debug|Any CPU.ActiveCfg = Debug|Any CPU
		{3FBDF06F-D87D-41D6-AAC2-4F29AAA62925}.Debug|Any CPU.Build.0 = Debug|Any CPU
		{3FBDF06F-D87D-41D6-AAC2-4F29AAA62925}.Debug|Any CPU.Deploy.0 = Debug|Any CPU
		{3FBDF06F-D87D-41D6-AAC2-4F29AAA62925}.Debug|ARM.ActiveCfg = Debug|Any CPU
		{3FBDF06F-D87D-41D6-AAC2-4F29AAA62925}.Debug|ARM.Build.0 = Debug|Any CPU
		{3FBDF06F-D87D-41D6-AAC2-4F29AAA62925}.Debug|ARM.Deploy.0 = Debug|Any CPU
		{3FBDF06F-D87D-41D6-AAC2-4F29AAA62925}.Debug|iPhone.ActiveCfg = Debug|Any CPU
		{3FBDF06F-D87D-41D6-AAC2-4F29AAA62925}.Debug|iPhone.Build.0 = Debug|Any CPU
		{3FBDF06F-D87D-41D6-AAC2-4F29AAA62925}.Debug|iPhone.Deploy.0 = Debug|Any CPU
		{3FBDF06F-D87D-41D6-AAC2-4F29AAA62925}.Debug|iPhoneSimulator.ActiveCfg = Debug|Any CPU
		{3FBDF06F-D87D-41D6-AAC2-4F29AAA62925}.Debug|iPhoneSimulator.Build.0 = Debug|Any CPU
		{3FBDF06F-D87D-41D6-AAC2-4F29AAA62925}.Debug|iPhoneSimulator.Deploy.0 = Debug|Any CPU
		{3FBDF06F-D87D-41D6-AAC2-4F29AAA62925}.Debug|x64.ActiveCfg = Debug|Any CPU
		{3FBDF06F-D87D-41D6-AAC2-4F29AAA62925}.Debug|x64.Build.0 = Debug|Any CPU
		{3FBDF06F-D87D-41D6-AAC2-4F29AAA62925}.Debug|x64.Deploy.0 = Debug|Any CPU
		{3FBDF06F-D87D-41D6-AAC2-4F29AAA62925}.Debug|x86.ActiveCfg = Debug|Any CPU
		{3FBDF06F-D87D-41D6-AAC2-4F29AAA62925}.Debug|x86.Build.0 = Debug|Any CPU
		{3FBDF06F-D87D-41D6-AAC2-4F29AAA62925}.Debug|x86.Deploy.0 = Debug|Any CPU
		{3FBDF06F-D87D-41D6-AAC2-4F29AAA62925}.Release|Any CPU.ActiveCfg = Release|Any CPU
		{3FBDF06F-D87D-41D6-AAC2-4F29AAA62925}.Release|Any CPU.Build.0 = Release|Any CPU
		{3FBDF06F-D87D-41D6-AAC2-4F29AAA62925}.Release|Any CPU.Deploy.0 = Release|Any CPU
		{3FBDF06F-D87D-41D6-AAC2-4F29AAA62925}.Release|ARM.ActiveCfg = Release|Any CPU
		{3FBDF06F-D87D-41D6-AAC2-4F29AAA62925}.Release|ARM.Build.0 = Release|Any CPU
		{3FBDF06F-D87D-41D6-AAC2-4F29AAA62925}.Release|ARM.Deploy.0 = Release|Any CPU
		{3FBDF06F-D87D-41D6-AAC2-4F29AAA62925}.Release|iPhone.ActiveCfg = Release|Any CPU
		{3FBDF06F-D87D-41D6-AAC2-4F29AAA62925}.Release|iPhone.Build.0 = Release|Any CPU
		{3FBDF06F-D87D-41D6-AAC2-4F29AAA62925}.Release|iPhone.Deploy.0 = Release|Any CPU
		{3FBDF06F-D87D-41D6-AAC2-4F29AAA62925}.Release|iPhoneSimulator.ActiveCfg = Release|Any CPU
		{3FBDF06F-D87D-41D6-AAC2-4F29AAA62925}.Release|iPhoneSimulator.Build.0 = Release|Any CPU
		{3FBDF06F-D87D-41D6-AAC2-4F29AAA62925}.Release|iPhoneSimulator.Deploy.0 = Release|Any CPU
		{3FBDF06F-D87D-41D6-AAC2-4F29AAA62925}.Release|x64.ActiveCfg = Release|Any CPU
		{3FBDF06F-D87D-41D6-AAC2-4F29AAA62925}.Release|x64.Build.0 = Release|Any CPU
		{3FBDF06F-D87D-41D6-AAC2-4F29AAA62925}.Release|x64.Deploy.0 = Release|Any CPU
		{3FBDF06F-D87D-41D6-AAC2-4F29AAA62925}.Release|x86.ActiveCfg = Release|Any CPU
		{3FBDF06F-D87D-41D6-AAC2-4F29AAA62925}.Release|x86.Build.0 = Release|Any CPU
		{3FBDF06F-D87D-41D6-AAC2-4F29AAA62925}.Release|x86.Deploy.0 = Release|Any CPU
		{68E827A1-6B66-434D-B8B4-1E3E1D0C7A50}.Debug|Any CPU.ActiveCfg = Debug|iPhone
		{68E827A1-6B66-434D-B8B4-1E3E1D0C7A50}.Debug|Any CPU.Build.0 = Debug|iPhone
		{68E827A1-6B66-434D-B8B4-1E3E1D0C7A50}.Debug|ARM.ActiveCfg = Debug|iPhone
		{68E827A1-6B66-434D-B8B4-1E3E1D0C7A50}.Debug|iPhone.ActiveCfg = Debug|iPhone
		{68E827A1-6B66-434D-B8B4-1E3E1D0C7A50}.Debug|iPhone.Build.0 = Debug|iPhone
		{68E827A1-6B66-434D-B8B4-1E3E1D0C7A50}.Debug|iPhone.Deploy.0 = Debug|iPhone
		{68E827A1-6B66-434D-B8B4-1E3E1D0C7A50}.Debug|iPhoneSimulator.ActiveCfg = Debug|iPhoneSimulator
		{68E827A1-6B66-434D-B8B4-1E3E1D0C7A50}.Debug|iPhoneSimulator.Build.0 = Debug|iPhoneSimulator
		{68E827A1-6B66-434D-B8B4-1E3E1D0C7A50}.Debug|iPhoneSimulator.Deploy.0 = Debug|iPhoneSimulator
		{68E827A1-6B66-434D-B8B4-1E3E1D0C7A50}.Debug|x64.ActiveCfg = Debug|iPhone
		{68E827A1-6B66-434D-B8B4-1E3E1D0C7A50}.Debug|x86.ActiveCfg = Debug|iPhone
		{68E827A1-6B66-434D-B8B4-1E3E1D0C7A50}.Release|Any CPU.ActiveCfg = Release|iPhone
		{68E827A1-6B66-434D-B8B4-1E3E1D0C7A50}.Release|ARM.ActiveCfg = Release|iPhone
		{68E827A1-6B66-434D-B8B4-1E3E1D0C7A50}.Release|iPhone.ActiveCfg = Release|iPhone
		{68E827A1-6B66-434D-B8B4-1E3E1D0C7A50}.Release|iPhone.Build.0 = Release|iPhone
		{68E827A1-6B66-434D-B8B4-1E3E1D0C7A50}.Release|iPhone.Deploy.0 = Release|iPhone
		{68E827A1-6B66-434D-B8B4-1E3E1D0C7A50}.Release|iPhoneSimulator.ActiveCfg = Release|iPhoneSimulator
		{68E827A1-6B66-434D-B8B4-1E3E1D0C7A50}.Release|iPhoneSimulator.Build.0 = Release|iPhoneSimulator
		{68E827A1-6B66-434D-B8B4-1E3E1D0C7A50}.Release|iPhoneSimulator.Deploy.0 = Release|iPhoneSimulator
		{68E827A1-6B66-434D-B8B4-1E3E1D0C7A50}.Release|x64.ActiveCfg = Release|iPhone
		{68E827A1-6B66-434D-B8B4-1E3E1D0C7A50}.Release|x86.ActiveCfg = Release|iPhone
		{053314CD-142C-40D4-BB63-8B087418488A}.Debug|Any CPU.ActiveCfg = Debug|Any CPU
		{053314CD-142C-40D4-BB63-8B087418488A}.Debug|Any CPU.Build.0 = Debug|Any CPU
		{053314CD-142C-40D4-BB63-8B087418488A}.Debug|ARM.ActiveCfg = Debug|Any CPU
		{053314CD-142C-40D4-BB63-8B087418488A}.Debug|ARM.Build.0 = Debug|Any CPU
		{053314CD-142C-40D4-BB63-8B087418488A}.Debug|iPhone.ActiveCfg = Debug|Any CPU
		{053314CD-142C-40D4-BB63-8B087418488A}.Debug|iPhone.Build.0 = Debug|Any CPU
		{053314CD-142C-40D4-BB63-8B087418488A}.Debug|iPhoneSimulator.ActiveCfg = Debug|Any CPU
		{053314CD-142C-40D4-BB63-8B087418488A}.Debug|iPhoneSimulator.Build.0 = Debug|Any CPU
		{053314CD-142C-40D4-BB63-8B087418488A}.Debug|x64.ActiveCfg = Debug|Any CPU
		{053314CD-142C-40D4-BB63-8B087418488A}.Debug|x64.Build.0 = Debug|Any CPU
		{053314CD-142C-40D4-BB63-8B087418488A}.Debug|x86.ActiveCfg = Debug|Any CPU
		{053314CD-142C-40D4-BB63-8B087418488A}.Debug|x86.Build.0 = Debug|Any CPU
		{053314CD-142C-40D4-BB63-8B087418488A}.Release|Any CPU.ActiveCfg = Release|Any CPU
		{053314CD-142C-40D4-BB63-8B087418488A}.Release|Any CPU.Build.0 = Release|Any CPU
		{053314CD-142C-40D4-BB63-8B087418488A}.Release|ARM.ActiveCfg = Release|Any CPU
		{053314CD-142C-40D4-BB63-8B087418488A}.Release|ARM.Build.0 = Release|Any CPU
		{053314CD-142C-40D4-BB63-8B087418488A}.Release|iPhone.ActiveCfg = Release|Any CPU
		{053314CD-142C-40D4-BB63-8B087418488A}.Release|iPhone.Build.0 = Release|Any CPU
		{053314CD-142C-40D4-BB63-8B087418488A}.Release|iPhoneSimulator.ActiveCfg = Release|Any CPU
		{053314CD-142C-40D4-BB63-8B087418488A}.Release|iPhoneSimulator.Build.0 = Release|Any CPU
		{053314CD-142C-40D4-BB63-8B087418488A}.Release|x64.ActiveCfg = Release|Any CPU
		{053314CD-142C-40D4-BB63-8B087418488A}.Release|x64.Build.0 = Release|Any CPU
		{053314CD-142C-40D4-BB63-8B087418488A}.Release|x86.ActiveCfg = Release|Any CPU
		{053314CD-142C-40D4-BB63-8B087418488A}.Release|x86.Build.0 = Release|Any CPU
		{47203CB1-890A-43A6-A281-178D965F2756}.Debug|Any CPU.ActiveCfg = Debug|Any CPU
		{47203CB1-890A-43A6-A281-178D965F2756}.Debug|Any CPU.Build.0 = Debug|Any CPU
		{47203CB1-890A-43A6-A281-178D965F2756}.Debug|Any CPU.Deploy.0 = Debug|Any CPU
		{47203CB1-890A-43A6-A281-178D965F2756}.Debug|ARM.ActiveCfg = Debug|Any CPU
		{47203CB1-890A-43A6-A281-178D965F2756}.Debug|ARM.Build.0 = Debug|Any CPU
		{47203CB1-890A-43A6-A281-178D965F2756}.Debug|ARM.Deploy.0 = Debug|Any CPU
		{47203CB1-890A-43A6-A281-178D965F2756}.Debug|iPhone.ActiveCfg = Debug|Any CPU
		{47203CB1-890A-43A6-A281-178D965F2756}.Debug|iPhone.Build.0 = Debug|Any CPU
		{47203CB1-890A-43A6-A281-178D965F2756}.Debug|iPhone.Deploy.0 = Debug|Any CPU
		{47203CB1-890A-43A6-A281-178D965F2756}.Debug|iPhoneSimulator.ActiveCfg = Debug|Any CPU
		{47203CB1-890A-43A6-A281-178D965F2756}.Debug|iPhoneSimulator.Build.0 = Debug|Any CPU
		{47203CB1-890A-43A6-A281-178D965F2756}.Debug|iPhoneSimulator.Deploy.0 = Debug|Any CPU
		{47203CB1-890A-43A6-A281-178D965F2756}.Debug|x64.ActiveCfg = Debug|Any CPU
		{47203CB1-890A-43A6-A281-178D965F2756}.Debug|x64.Build.0 = Debug|Any CPU
		{47203CB1-890A-43A6-A281-178D965F2756}.Debug|x64.Deploy.0 = Debug|Any CPU
		{47203CB1-890A-43A6-A281-178D965F2756}.Debug|x86.ActiveCfg = Debug|Any CPU
		{47203CB1-890A-43A6-A281-178D965F2756}.Debug|x86.Build.0 = Debug|Any CPU
		{47203CB1-890A-43A6-A281-178D965F2756}.Debug|x86.Deploy.0 = Debug|Any CPU
		{47203CB1-890A-43A6-A281-178D965F2756}.Release|Any CPU.ActiveCfg = Release|Any CPU
		{47203CB1-890A-43A6-A281-178D965F2756}.Release|Any CPU.Build.0 = Release|Any CPU
		{47203CB1-890A-43A6-A281-178D965F2756}.Release|Any CPU.Deploy.0 = Release|Any CPU
		{47203CB1-890A-43A6-A281-178D965F2756}.Release|ARM.ActiveCfg = Release|Any CPU
		{47203CB1-890A-43A6-A281-178D965F2756}.Release|ARM.Build.0 = Release|Any CPU
		{47203CB1-890A-43A6-A281-178D965F2756}.Release|ARM.Deploy.0 = Release|Any CPU
		{47203CB1-890A-43A6-A281-178D965F2756}.Release|iPhone.ActiveCfg = Release|Any CPU
		{47203CB1-890A-43A6-A281-178D965F2756}.Release|iPhone.Build.0 = Release|Any CPU
		{47203CB1-890A-43A6-A281-178D965F2756}.Release|iPhone.Deploy.0 = Release|Any CPU
		{47203CB1-890A-43A6-A281-178D965F2756}.Release|iPhoneSimulator.ActiveCfg = Release|Any CPU
		{47203CB1-890A-43A6-A281-178D965F2756}.Release|iPhoneSimulator.Build.0 = Release|Any CPU
		{47203CB1-890A-43A6-A281-178D965F2756}.Release|iPhoneSimulator.Deploy.0 = Release|Any CPU
		{47203CB1-890A-43A6-A281-178D965F2756}.Release|x64.ActiveCfg = Release|Any CPU
		{47203CB1-890A-43A6-A281-178D965F2756}.Release|x64.Build.0 = Release|Any CPU
		{47203CB1-890A-43A6-A281-178D965F2756}.Release|x64.Deploy.0 = Release|Any CPU
		{47203CB1-890A-43A6-A281-178D965F2756}.Release|x86.ActiveCfg = Release|Any CPU
		{47203CB1-890A-43A6-A281-178D965F2756}.Release|x86.Build.0 = Release|Any CPU
		{47203CB1-890A-43A6-A281-178D965F2756}.Release|x86.Deploy.0 = Release|Any CPU
		{472279B6-87CC-4106-82E9-6A67B0EE71A5}.Debug|Any CPU.ActiveCfg = Debug|Any CPU
		{472279B6-87CC-4106-82E9-6A67B0EE71A5}.Debug|Any CPU.Build.0 = Debug|Any CPU
		{472279B6-87CC-4106-82E9-6A67B0EE71A5}.Debug|ARM.ActiveCfg = Debug|Any CPU
		{472279B6-87CC-4106-82E9-6A67B0EE71A5}.Debug|ARM.Build.0 = Debug|Any CPU
		{472279B6-87CC-4106-82E9-6A67B0EE71A5}.Debug|iPhone.ActiveCfg = Debug|Any CPU
		{472279B6-87CC-4106-82E9-6A67B0EE71A5}.Debug|iPhone.Build.0 = Debug|Any CPU
		{472279B6-87CC-4106-82E9-6A67B0EE71A5}.Debug|iPhoneSimulator.ActiveCfg = Debug|Any CPU
		{472279B6-87CC-4106-82E9-6A67B0EE71A5}.Debug|iPhoneSimulator.Build.0 = Debug|Any CPU
		{472279B6-87CC-4106-82E9-6A67B0EE71A5}.Debug|x64.ActiveCfg = Debug|Any CPU
		{472279B6-87CC-4106-82E9-6A67B0EE71A5}.Debug|x64.Build.0 = Debug|Any CPU
		{472279B6-87CC-4106-82E9-6A67B0EE71A5}.Debug|x86.ActiveCfg = Debug|Any CPU
		{472279B6-87CC-4106-82E9-6A67B0EE71A5}.Debug|x86.Build.0 = Debug|Any CPU
		{472279B6-87CC-4106-82E9-6A67B0EE71A5}.Release|Any CPU.ActiveCfg = Release|Any CPU
		{472279B6-87CC-4106-82E9-6A67B0EE71A5}.Release|Any CPU.Build.0 = Release|Any CPU
		{472279B6-87CC-4106-82E9-6A67B0EE71A5}.Release|ARM.ActiveCfg = Release|Any CPU
		{472279B6-87CC-4106-82E9-6A67B0EE71A5}.Release|ARM.Build.0 = Release|Any CPU
		{472279B6-87CC-4106-82E9-6A67B0EE71A5}.Release|iPhone.ActiveCfg = Release|Any CPU
		{472279B6-87CC-4106-82E9-6A67B0EE71A5}.Release|iPhone.Build.0 = Release|Any CPU
		{472279B6-87CC-4106-82E9-6A67B0EE71A5}.Release|iPhoneSimulator.ActiveCfg = Release|Any CPU
		{472279B6-87CC-4106-82E9-6A67B0EE71A5}.Release|iPhoneSimulator.Build.0 = Release|Any CPU
		{472279B6-87CC-4106-82E9-6A67B0EE71A5}.Release|x64.ActiveCfg = Release|Any CPU
		{472279B6-87CC-4106-82E9-6A67B0EE71A5}.Release|x64.Build.0 = Release|Any CPU
		{472279B6-87CC-4106-82E9-6A67B0EE71A5}.Release|x86.ActiveCfg = Release|Any CPU
		{472279B6-87CC-4106-82E9-6A67B0EE71A5}.Release|x86.Build.0 = Release|Any CPU
		{53D05AC2-6A97-49ED-B94E-FE9A3A4C5885}.Debug|Any CPU.ActiveCfg = Debug|iPhone
		{53D05AC2-6A97-49ED-B94E-FE9A3A4C5885}.Debug|Any CPU.Build.0 = Debug|iPhone
		{53D05AC2-6A97-49ED-B94E-FE9A3A4C5885}.Debug|ARM.ActiveCfg = Debug|iPhone
		{53D05AC2-6A97-49ED-B94E-FE9A3A4C5885}.Debug|iPhone.ActiveCfg = Debug|iPhone
		{53D05AC2-6A97-49ED-B94E-FE9A3A4C5885}.Debug|iPhone.Build.0 = Debug|iPhone
		{53D05AC2-6A97-49ED-B94E-FE9A3A4C5885}.Debug|iPhoneSimulator.ActiveCfg = Debug|iPhoneSimulator
		{53D05AC2-6A97-49ED-B94E-FE9A3A4C5885}.Debug|iPhoneSimulator.Build.0 = Debug|iPhoneSimulator
		{53D05AC2-6A97-49ED-B94E-FE9A3A4C5885}.Debug|x64.ActiveCfg = Debug|iPhone
		{53D05AC2-6A97-49ED-B94E-FE9A3A4C5885}.Debug|x86.ActiveCfg = Debug|iPhone
		{53D05AC2-6A97-49ED-B94E-FE9A3A4C5885}.Release|Any CPU.ActiveCfg = Release|iPhone
		{53D05AC2-6A97-49ED-B94E-FE9A3A4C5885}.Release|ARM.ActiveCfg = Release|iPhone
		{53D05AC2-6A97-49ED-B94E-FE9A3A4C5885}.Release|iPhone.ActiveCfg = Release|iPhone
		{53D05AC2-6A97-49ED-B94E-FE9A3A4C5885}.Release|iPhone.Build.0 = Release|iPhone
		{53D05AC2-6A97-49ED-B94E-FE9A3A4C5885}.Release|iPhoneSimulator.ActiveCfg = Release|iPhoneSimulator
		{53D05AC2-6A97-49ED-B94E-FE9A3A4C5885}.Release|iPhoneSimulator.Build.0 = Release|iPhoneSimulator
		{53D05AC2-6A97-49ED-B94E-FE9A3A4C5885}.Release|x64.ActiveCfg = Release|iPhone
		{53D05AC2-6A97-49ED-B94E-FE9A3A4C5885}.Release|x86.ActiveCfg = Release|iPhone
		{AFB192F2-6043-4925-A84A-A1939BB3360B}.Debug|Any CPU.ActiveCfg = Debug|Any CPU
		{AFB192F2-6043-4925-A84A-A1939BB3360B}.Debug|Any CPU.Build.0 = Debug|Any CPU
		{AFB192F2-6043-4925-A84A-A1939BB3360B}.Debug|ARM.ActiveCfg = Debug|Any CPU
		{AFB192F2-6043-4925-A84A-A1939BB3360B}.Debug|ARM.Build.0 = Debug|Any CPU
		{AFB192F2-6043-4925-A84A-A1939BB3360B}.Debug|iPhone.ActiveCfg = Debug|Any CPU
		{AFB192F2-6043-4925-A84A-A1939BB3360B}.Debug|iPhone.Build.0 = Debug|Any CPU
		{AFB192F2-6043-4925-A84A-A1939BB3360B}.Debug|iPhoneSimulator.ActiveCfg = Debug|Any CPU
		{AFB192F2-6043-4925-A84A-A1939BB3360B}.Debug|iPhoneSimulator.Build.0 = Debug|Any CPU
		{AFB192F2-6043-4925-A84A-A1939BB3360B}.Debug|x64.ActiveCfg = Debug|Any CPU
		{AFB192F2-6043-4925-A84A-A1939BB3360B}.Debug|x64.Build.0 = Debug|Any CPU
		{AFB192F2-6043-4925-A84A-A1939BB3360B}.Debug|x86.ActiveCfg = Debug|Any CPU
		{AFB192F2-6043-4925-A84A-A1939BB3360B}.Debug|x86.Build.0 = Debug|Any CPU
		{AFB192F2-6043-4925-A84A-A1939BB3360B}.Release|Any CPU.ActiveCfg = Release|Any CPU
		{AFB192F2-6043-4925-A84A-A1939BB3360B}.Release|Any CPU.Build.0 = Release|Any CPU
		{AFB192F2-6043-4925-A84A-A1939BB3360B}.Release|ARM.ActiveCfg = Release|Any CPU
		{AFB192F2-6043-4925-A84A-A1939BB3360B}.Release|ARM.Build.0 = Release|Any CPU
		{AFB192F2-6043-4925-A84A-A1939BB3360B}.Release|iPhone.ActiveCfg = Release|Any CPU
		{AFB192F2-6043-4925-A84A-A1939BB3360B}.Release|iPhone.Build.0 = Release|Any CPU
		{AFB192F2-6043-4925-A84A-A1939BB3360B}.Release|iPhoneSimulator.ActiveCfg = Release|Any CPU
		{AFB192F2-6043-4925-A84A-A1939BB3360B}.Release|iPhoneSimulator.Build.0 = Release|Any CPU
		{AFB192F2-6043-4925-A84A-A1939BB3360B}.Release|x64.ActiveCfg = Release|Any CPU
		{AFB192F2-6043-4925-A84A-A1939BB3360B}.Release|x64.Build.0 = Release|Any CPU
		{AFB192F2-6043-4925-A84A-A1939BB3360B}.Release|x86.ActiveCfg = Release|Any CPU
		{AFB192F2-6043-4925-A84A-A1939BB3360B}.Release|x86.Build.0 = Release|Any CPU
	EndGlobalSection
	GlobalSection(SolutionProperties) = preSolution
		HideSolutionNode = FALSE
	EndGlobalSection
	GlobalSection(NestedProjects) = preSolution
		{053314CD-142C-40D4-BB63-8B087418488A} = {BFAE9B2A-2DB2-44CE-AE09-D77D908B1C63}
		{47203CB1-890A-43A6-A281-178D965F2756} = {BFAE9B2A-2DB2-44CE-AE09-D77D908B1C63}
		{472279B6-87CC-4106-82E9-6A67B0EE71A5} = {BFAE9B2A-2DB2-44CE-AE09-D77D908B1C63}
		{53D05AC2-6A97-49ED-B94E-FE9A3A4C5885} = {BFAE9B2A-2DB2-44CE-AE09-D77D908B1C63}
		{AFB192F2-6043-4925-A84A-A1939BB3360B} = {BFAE9B2A-2DB2-44CE-AE09-D77D908B1C63}
	EndGlobalSection
	GlobalSection(ExtensibilityGlobals) = postSolution
		SolutionGuid = {5F172173-FC47-45A1-B7B7-712180710704}
	EndGlobalSection
EndGlobal
